
Microsoft Visual Studio Solution File, Format Version 12.00
# Visual Studio 15
VisualStudioVersion = 15.0.27428.2037
MinimumVisualStudioVersion = 10.0.40219.1
Project("{FAE04EC0-301F-11D3-BF4B-00C04F79EFBC}") = "TelegramAggregator", "TelegramAggregator\TelegramAggregator.csproj", "{BAC71B7F-BCCE-484E-88AA-A3037F88809E}"
EndProject
Global
	GlobalSection(SolutionConfigurationPlatforms) = preSolution
		Debug|Any CPU = Debug|Any CPU
		Release|Any CPU = Release|Any CPU
	EndGlobalSection
	GlobalSection(ProjectConfigurationPlatforms) = postSolution
		{BAC71B7F-BCCE-484E-88AA-A3037F88809E}.Release|Any CPU.ActiveCfg = Release|Any CPU
		{BAC71B7F-BCCE-484E-88AA-A3037F88809E}.Release|Any CPU.Build.0 = Release|Any CPU
		{BAC71B7F-BCCE-484E-88AA-A3037F88809E}.Debug|Any CPU.ActiveCfg = Release|Any CPU
		{BAC71B7F-BCCE-484E-88AA-A3037F88809E}.Debug|Any CPU.Build.0 = Release|Any CPU
	EndGlobalSection
	GlobalSection(SolutionProperties) = preSolution
		HideSolutionNode = FALSE
	EndGlobalSection
	GlobalSection(ExtensibilityGlobals) = postSolution
		SolutionGuid = {253C0237-04F1-4143-B192-A271BD6289F0}
	EndGlobalSection
EndGlobal
